
Microsoft Visual Studio Solution File, Format Version 12.00
# Visual Studio Express 2012 for Web
Project("{FAE04EC0-301F-11D3-BF4B-00C04F79EFBC}") = "MyTrack", "MyTrack\MyTrack.csproj", "{F4A25DE5-1108-4A1F-A129-270EBC53DB34}"
EndProject
Project("{FAE04EC0-301F-11D3-BF4B-00C04F79EFBC}") = "DBOperations", "..\..\..\..\Desktop\work\DOTNET\DBOperations\DBOperations\DBOperations.csproj", "{D028E083-0C77-4D77-854C-82064FFE6B41}"
EndProject
Global
	GlobalSection(SolutionConfigurationPlatforms) = preSolution
		Debug|Any CPU = Debug|Any CPU
		Release|Any CPU = Release|Any CPU
	EndGlobalSection
	GlobalSection(ProjectConfigurationPlatforms) = postSolution
		{F4A25DE5-1108-4A1F-A129-270EBC53DB34}.Debug|Any CPU.ActiveCfg = Debug|Any CPU
		{F4A25DE5-1108-4A1F-A129-270EBC53DB34}.Debug|Any CPU.Build.0 = Debug|Any CPU
		{F4A25DE5-1108-4A1F-A129-270EBC53DB34}.Release|Any CPU.ActiveCfg = Release|Any CPU
		{F4A25DE5-1108-4A1F-A129-270EBC53DB34}.Release|Any CPU.Build.0 = Release|Any CPU
		{D028E083-0C77-4D77-854C-82064FFE6B41}.Debug|Any CPU.ActiveCfg = Debug|Any CPU
		{D028E083-0C77-4D77-854C-82064FFE6B41}.Debug|Any CPU.Build.0 = Debug|Any CPU
		{D028E083-0C77-4D77-854C-82064FFE6B41}.Release|Any CPU.ActiveCfg = Release|Any CPU
		{D028E083-0C77-4D77-854C-82064FFE6B41}.Release|Any CPU.Build.0 = Release|Any CPU
	EndGlobalSection
	GlobalSection(SolutionProperties) = preSolution
		HideSolutionNode = FALSE
	EndGlobalSection
EndGlobal
