
Microsoft Visual Studio Solution File, Format Version 12.00
# Visual Studio Express 2012 for Web
Project("{FAE04EC0-301F-11D3-BF4B-00C04F79EFBC}") = "MyTrack", "MyTrack\MyTrack.csproj", "{1B1D6303-4F80-4E97-A108-8F9A0FB315B1}"
EndProject
Project("{FAE04EC0-301F-11D3-BF4B-00C04F79EFBC}") = "SqlConnector", "SqlConnector\SqlConnector.csproj", "{D02EF69E-50DD-4479-906E-FE091A8290DC}"
EndProject
Global
	GlobalSection(SolutionConfigurationPlatforms) = preSolution
		Debug|Any CPU = Debug|Any CPU
		Release|Any CPU = Release|Any CPU
	EndGlobalSection
	GlobalSection(ProjectConfigurationPlatforms) = postSolution
		{1B1D6303-4F80-4E97-A108-8F9A0FB315B1}.Debug|Any CPU.ActiveCfg = Debug|Any CPU
		{1B1D6303-4F80-4E97-A108-8F9A0FB315B1}.Debug|Any CPU.Build.0 = Debug|Any CPU
		{1B1D6303-4F80-4E97-A108-8F9A0FB315B1}.Release|Any CPU.ActiveCfg = Release|Any CPU
		{1B1D6303-4F80-4E97-A108-8F9A0FB315B1}.Release|Any CPU.Build.0 = Release|Any CPU
		{D02EF69E-50DD-4479-906E-FE091A8290DC}.Debug|Any CPU.ActiveCfg = Debug|Any CPU
		{D02EF69E-50DD-4479-906E-FE091A8290DC}.Debug|Any CPU.Build.0 = Debug|Any CPU
		{D02EF69E-50DD-4479-906E-FE091A8290DC}.Release|Any CPU.ActiveCfg = Release|Any CPU
		{D02EF69E-50DD-4479-906E-FE091A8290DC}.Release|Any CPU.Build.0 = Release|Any CPU
	EndGlobalSection
	GlobalSection(SolutionProperties) = preSolution
		HideSolutionNode = FALSE
	EndGlobalSection
EndGlobal
